
Microsoft Visual Studio Solution File, Format Version 12.00
# Visual Studio 15
VisualStudioVersion = 15.0.28010.2046
MinimumVisualStudioVersion = 10.0.40219.1
Project("{FAE04EC0-301F-11D3-BF4B-00C04F79EFBC}") = "APP_FIZZ_FUZZ", "APP_FIZZ_FUZZ\APP_FIZZ_FUZZ.csproj", "{6E13EDEA-1D7E-47D2-86EC-E7F266086A73}"
EndProject
Global
	GlobalSection(SolutionConfigurationPlatforms) = preSolution
		Debug|Any CPU = Debug|Any CPU
		Release|Any CPU = Release|Any CPU
	EndGlobalSection
	GlobalSection(ProjectConfigurationPlatforms) = postSolution
		{6E13EDEA-1D7E-47D2-86EC-E7F266086A73}.Debug|Any CPU.ActiveCfg = Debug|Any CPU
		{6E13EDEA-1D7E-47D2-86EC-E7F266086A73}.Debug|Any CPU.Build.0 = Debug|Any CPU
		{6E13EDEA-1D7E-47D2-86EC-E7F266086A73}.Release|Any CPU.ActiveCfg = Release|Any CPU
		{6E13EDEA-1D7E-47D2-86EC-E7F266086A73}.Release|Any CPU.Build.0 = Release|Any CPU
	EndGlobalSection
	GlobalSection(SolutionProperties) = preSolution
		HideSolutionNode = FALSE
	EndGlobalSection
	GlobalSection(ExtensibilityGlobals) = postSolution
		SolutionGuid = {A75D7B5A-04DD-4B2B-A260-0F3663D4EF73}
	EndGlobalSection
EndGlobal
